
Microsoft Visual Studio Solution File, Format Version 12.00
# Visual Studio Version 17
VisualStudioVersion = 17.11.35327.3
MinimumVisualStudioVersion = 10.0.40219.1
Project("{FAE04EC0-301F-11D3-BF4B-00C04F79EFBC}") = "VegtableSuperMarket", "VegtableSuperMarket\VegtableSuperMarket.csproj", "{7682DB18-559B-45D9-A317-B3C824B2C102}"
EndProject
Global
	GlobalSection(SolutionConfigurationPlatforms) = preSolution
		Debug|Any CPU = Debug|Any CPU
		Release|Any CPU = Release|Any CPU
	EndGlobalSection
	GlobalSection(ProjectConfigurationPlatforms) = postSolution
		{7682DB18-559B-45D9-A317-B3C824B2C102}.Debug|Any CPU.ActiveCfg = Debug|Any CPU
		{7682DB18-559B-45D9-A317-B3C824B2C102}.Debug|Any CPU.Build.0 = Debug|Any CPU
		{7682DB18-559B-45D9-A317-B3C824B2C102}.Release|Any CPU.ActiveCfg = Release|Any CPU
		{7682DB18-559B-45D9-A317-B3C824B2C102}.Release|Any CPU.Build.0 = Release|Any CPU
	EndGlobalSection
	GlobalSection(SolutionProperties) = preSolution
		HideSolutionNode = FALSE
	EndGlobalSection
	GlobalSection(ExtensibilityGlobals) = postSolution
		SolutionGuid = {303364D0-B2CF-4066-9376-25C952423431}
	EndGlobalSection
EndGlobal
